
Microsoft Visual Studio Solution File, Format Version 12.00
# Visual Studio 15
VisualStudioVersion = 15.0.27130.2003
MinimumVisualStudioVersion = 10.0.40219.1
Project("{FAE04EC0-301F-11D3-BF4B-00C04F79EFBC}") = "PawGuide.Web", "PawGuide.Web\PawGuide.Web.csproj", "{6F8A39F7-B5D3-4F69-89C8-AA419186DB64}"
EndProject
Project("{FAE04EC0-301F-11D3-BF4B-00C04F79EFBC}") = "PawGuide.Data", "PawGuide.Data\PawGuide.Data.csproj", "{2CF621CB-2511-4D3B-AE58-1A09A5DCBBA8}"
EndProject
Project("{FAE04EC0-301F-11D3-BF4B-00C04F79EFBC}") = "PawGuide.Services", "PawGuide.Services\PawGuide.Services.csproj", "{266763C5-CFFD-4ACC-8A23-BE27AC25A2B4}"
EndProject
Global
	GlobalSection(SolutionConfigurationPlatforms) = preSolution
		Debug|Any CPU = Debug|Any CPU
		Release|Any CPU = Release|Any CPU
	EndGlobalSection
	GlobalSection(ProjectConfigurationPlatforms) = postSolution
		{6F8A39F7-B5D3-4F69-89C8-AA419186DB64}.Debug|Any CPU.ActiveCfg = Debug|Any CPU
		{6F8A39F7-B5D3-4F69-89C8-AA419186DB64}.Debug|Any CPU.Build.0 = Debug|Any CPU
		{6F8A39F7-B5D3-4F69-89C8-AA419186DB64}.Release|Any CPU.ActiveCfg = Release|Any CPU
		{6F8A39F7-B5D3-4F69-89C8-AA419186DB64}.Release|Any CPU.Build.0 = Release|Any CPU
		{2CF621CB-2511-4D3B-AE58-1A09A5DCBBA8}.Debug|Any CPU.ActiveCfg = Debug|Any CPU
		{2CF621CB-2511-4D3B-AE58-1A09A5DCBBA8}.Debug|Any CPU.Build.0 = Debug|Any CPU
		{2CF621CB-2511-4D3B-AE58-1A09A5DCBBA8}.Release|Any CPU.ActiveCfg = Release|Any CPU
		{2CF621CB-2511-4D3B-AE58-1A09A5DCBBA8}.Release|Any CPU.Build.0 = Release|Any CPU
		{266763C5-CFFD-4ACC-8A23-BE27AC25A2B4}.Debug|Any CPU.ActiveCfg = Debug|Any CPU
		{266763C5-CFFD-4ACC-8A23-BE27AC25A2B4}.Debug|Any CPU.Build.0 = Debug|Any CPU
		{266763C5-CFFD-4ACC-8A23-BE27AC25A2B4}.Release|Any CPU.ActiveCfg = Release|Any CPU
		{266763C5-CFFD-4ACC-8A23-BE27AC25A2B4}.Release|Any CPU.Build.0 = Release|Any CPU
	EndGlobalSection
	GlobalSection(SolutionProperties) = preSolution
		HideSolutionNode = FALSE
	EndGlobalSection
	GlobalSection(ExtensibilityGlobals) = postSolution
		SolutionGuid = {8643F76B-67FA-48FC-8B1C-DDA1EB3F569E}
	EndGlobalSection
EndGlobal
